<?xml version="1.0" encoding="utf-8"?>
<Project ToolsVersion="4.0" xmlns="http://schemas.microsoft.com/developer/msbuild/2003">
  <ItemGroup>
    <Filter Include="Source Files">
      <UniqueIdentifier>{4FC737F1-C7A5-4376-A066-2A32D752A2FF}</UniqueIdentifier>
      <Extensions>cpp;c;cc;cxx;c++;def;odl;idl;hpj;bat;asm;asmx</Extensions>
    </Filter>
    <Filter Include="Header Files">
      <UniqueIdentifier>{93995380-89BD-4b04-88EB-625FBE52EBFB}</UniqueIdentifier>
      <Extensions>h;hh;hpp;hxx;h++;hm;inl;inc;ipp;xsd</Extensions>
    </Filter>
    <Filter Include="Resource Files">
      <UniqueIdentifier>{67DA6AB6-F800-4c08-8B7A-83BB121AAD01}</UniqueIdentifier>
      <Extensions>rc;ico;cur;bmp;dlg;rc2;rct;bin;rgs;gif;jpg;jpeg;jpe;resx;tiff;tif;png;wav;mfcribbon-ms</Extensions>
    </Filter>
    <Filter Include="Source Files\Entities">
      <UniqueIdentifier>{9d33d585-6c86-4e8d-844e-7e0f19b0d41a}</UniqueIdentifier>
    </Filter>
    <Filter Include="Source Files\Engine">
      <UniqueIdentifier>{0bdb938d-75cf-4af5-bf34-a1b6d41d1788}</UniqueIdentifier>
    </Filter>
    <Filter Include="Source Files\Engine\Core">
      <UniqueIdentifier>{8f82f2d9-061f-45c8-9094-49d18b9d1e8d}</UniqueIdentifier>
    </Filter>
    <Filter Include="Source Files\Engine\Constants">
      <UniqueIdentifier>{3b1b72e2-3306-42e1-b266-8410986dbbd4}</UniqueIdentifier>
    </Filter>
    <Filter Include="Source Files\Engine\States">
      <UniqueIdentifier>{f4c41465-6b0b-4687-bac1-adc0543a8c9b}</UniqueIdentifier>
    </Filter>
    <Filter Include="Source Files\Engine\States\MenuItems">
      <UniqueIdentifier>{1e619110-0e45-4478-8bd6-5b7c2b2c7be9}</UniqueIdentifier>
    </Filter>
    <Filter Include="Source Files\Engine\States\WorldItems">
      <UniqueIdentifier>{6bb9bf22-a835-401c-bcc7-00c51f4e76e5}</UniqueIdentifier>
    </Filter>
    <Filter Include="Source Files\Engine\Utilities">
      <UniqueIdentifier>{708791c0-6be3-4753-a4da-f125bfa0f0fe}</UniqueIdentifier>
    </Filter>
    <Filter Include="Source Files\Components">
      <UniqueIdentifier>{75d9191a-55f9-412d-9f61-ec8232e27d17}</UniqueIdentifier>
    </Filter>
  </ItemGroup>
  <ItemGroup>
    <ClCompile Include="main.cpp">
      <Filter>Source Files</Filter>
    </ClCompile>
    <ClCompile Include="Game.cpp">
      <Filter>Source Files\Engine\Core</Filter>
    </ClCompile>
    <ClCompile Include="GameState.cpp">
      <Filter>Source Files\Engine\States</Filter>
    </ClCompile>
    <ClCompile Include="GameWorldState.cpp">
      <Filter>Source Files\Engine\States\WorldItems</Filter>
    </ClCompile>
    <ClCompile Include="ResourceLoader.cpp">
      <Filter>Source Files\Engine\Utilities</Filter>
    </ClCompile>
    <ClCompile Include="Entity.cpp">
      <Filter>Source Files\Entities</Filter>
    </ClCompile>
    <ClCompile Include="Component.cpp">
      <Filter>Source Files\Components</Filter>
    </ClCompile>
    <ClCompile Include="CharacterControllerComponent.cpp">
      <Filter>Source Files\Components</Filter>
    </ClCompile>
    <ClCompile Include="PhysicsBodyComponent.cpp">
      <Filter>Source Files\Components</Filter>
    </ClCompile>
    <ClCompile Include="BackgroundScrollingComponent.cpp">
      <Filter>Source Files\Components</Filter>
    </ClCompile>
  </ItemGroup>
  <ItemGroup>
    <ClInclude Include="Game.h">
      <Filter>Header Files</Filter>
    </ClInclude>
    <ClInclude Include="Globals.h">
      <Filter>Source Files\Engine\Constants</Filter>
    </ClInclude>
    <ClInclude Include="GameState.h">
      <Filter>Header Files</Filter>
    </ClInclude>
    <ClInclude Include="GameWorldState.h">
      <Filter>Header Files</Filter>
    </ClInclude>
    <ClInclude Include="ResourceLoader.h">
      <Filter>Header Files</Filter>
    </ClInclude>
    <ClInclude Include="Entity.h">
      <Filter>Header Files</Filter>
    </ClInclude>
    <ClInclude Include="Component.h">
      <Filter>Header Files</Filter>
    </ClInclude>
    <ClInclude Include="CharacterControllerComponent.h">
      <Filter>Header Files</Filter>
    </ClInclude>
    <ClInclude Include="PhysicsBodyComponent.h">
      <Filter>Header Files</Filter>
    </ClInclude>
    <ClInclude Include="BackgroundScrollingComponent.h">
      <Filter>Header Files</Filter>
    </ClInclude>
  </ItemGroup>
</Project>